// !$*UTF8*$!
{
	archiveVersion = 1;
	classes = {
	};
	objectVersion = 46;
	objects = {

/* Begin PBXBuildFile section */
		C207218D19D0061300615E9A /* Foundation.framework in Frameworks */ = {isa = PBXBuildFile; fileRef = C207218C19D0061300615E9A /* Foundation.framework */; };
		C207218F19D0061300615E9A /* CoreGraphics.framework in Frameworks */ = {isa = PBXBuildFile; fileRef = C207218E19D0061300615E9A /* CoreGraphics.framework */; };
		C207219119D0061300615E9A /* UIKit.framework in Frameworks */ = {isa = PBXBuildFile; fileRef = C207219019D0061300615E9A /* UIKit.framework */; };
		C207219719D0061300615E9A /* InfoPlist.strings in Resources */ = {isa = PBXBuildFile; fileRef = C207219519D0061300615E9A /* InfoPlist.strings */; };
		C207219919D0061300615E9A /* main.m in Sources */ = {isa = PBXBuildFile; fileRef = C207219819D0061300615E9A /* main.m */; };
		C207219D19D0061300615E9A /* AppDelegate.m in Sources */ = {isa = PBXBuildFile; fileRef = C207219C19D0061300615E9A /* AppDelegate.m */; };
		C207219F19D0061300615E9A /* Images.xcassets in Resources */ = {isa = PBXBuildFile; fileRef = C207219E19D0061300615E9A /* Images.xcassets */; };
		C20721A619D0061300615E9A /* XCTest.framework in Frameworks */ = {isa = PBXBuildFile; fileRef = C20721A519D0061300615E9A /* XCTest.framework */; };
		C20721A719D0061300615E9A /* Foundation.framework in Frameworks */ = {isa = PBXBuildFile; fileRef = C207218C19D0061300615E9A /* Foundation.framework */; };
		C20721A819D0061300615E9A /* UIKit.framework in Frameworks */ = {isa = PBXBuildFile; fileRef = C207219019D0061300615E9A /* UIKit.framework */; };
		C20721B019D0061300615E9A /* InfoPlist.strings in Resources */ = {isa = PBXBuildFile; fileRef = C20721AE19D0061300615E9A /* InfoPlist.strings */; };
		C20721B219D0061300615E9A /* ffgTests.m in Sources */ = {isa = PBXBuildFile; fileRef = C20721B119D0061300615E9A /* ffgTests.m */; };
/* End PBXBuildFile section */

/* Begin PBXContainerItemProxy section */
		C20721A919D0061300615E9A /* PBXContainerItemProxy */ = {
			isa = PBXContainerItemProxy;
			containerPortal = C207218119D0061300615E9A /* Project object */;
			proxyType = 1;
			remoteGlobalIDString = C207218819D0061300615E9A;
			remoteInfo = ffg;
		};
/* End PBXContainerItemProxy section */

/* Begin PBXFileReference section */
		C207218919D0061300615E9A /* ffg.app */ = {isa = PBXFileReference; explicitFileType = wrapper.application; includeInIndex = 0; path = ffg.app; sourceTree = BUILT_PRODUCTS_DIR; };
		C207218C19D0061300615E9A /* Foundation.framework */ = {isa = PBXFileReference; lastKnownFileType = wrapper.framework; name = Foundation.framework; path = System/Library/Frameworks/Foundation.framework; sourceTree = SDKROOT; };
		C207218E19D0061300615E9A /* CoreGraphics.framework */ = {isa = PBXFileReference; lastKnownFileType = wrapper.framework; name = CoreGraphics.framework; path = System/Library/Frameworks/CoreGraphics.framework; sourceTree = SDKROOT; };
		C207219019D0061300615E9A /* UIKit.framework */ = {isa = PBXFileReference; lastKnownFileType = wrapper.framework; name = UIKit.framework; path = System/Library/Frameworks/UIKit.framework; sourceTree = SDKROOT; };
		C207219419D0061300615E9A /* ffg-Info.plist */ = {isa = PBXFileReference; lastKnownFileType = text.plist.xml; path = "ffg-Info.plist"; sourceTree = "<group>"; };
		C207219619D0061300615E9A /* en */ = {isa = PBXFileReference; lastKnownFileType = text.plist.strings; name = en; path = en.lproj/InfoPlist.strings; sourceTree = "<group>"; };
		C207219819D0061300615E9A /* main.m */ = {isa = PBXFileReference; lastKnownFileType = sourcecode.c.objc; path = main.m; sourceTree = "<group>"; };
		C207219A19D0061300615E9A /* ffg-Prefix.pch */ = {isa = PBXFileReference; lastKnownFileType = sourcecode.c.h; path = "ffg-Prefix.pch"; sourceTree = "<group>"; };
		C207219B19D0061300615E9A /* AppDelegate.h */ = {isa = PBXFileReference; lastKnownFileType = sourcecode.c.h; path = AppDelegate.h; sourceTree = "<group>"; };
		C207219C19D0061300615E9A /* AppDelegate.m */ = {isa = PBXFileReference; lastKnownFileType = sourcecode.c.objc; path = AppDelegate.m; sourceTree = "<group>"; };
		C207219E19D0061300615E9A /* Images.xcassets */ = {isa = PBXFileReference; lastKnownFileType = folder.assetcatalog; path = Images.xcassets; sourceTree = "<group>"; };
		C20721A419D0061300615E9A /* ffgTests.xctest */ = {isa = PBXFileReference; explicitFileType = wrapper.cfbundle; includeInIndex = 0; path = ffgTests.xctest; sourceTree = BUILT_PRODUCTS_DIR; };
		C20721A519D0061300615E9A /* XCTest.framework */ = {isa = PBXFileReference; lastKnownFileType = wrapper.framework; name = XCTest.framework; path = Library/Frameworks/XCTest.framework; sourceTree = DEVELOPER_DIR; };
		C20721AD19D0061300615E9A /* ffgTests-Info.plist */ = {isa = PBXFileReference; lastKnownFileType = text.plist.xml; path = "ffgTests-Info.plist"; sourceTree = "<group>"; };
		C20721AF19D0061300615E9A /* en */ = {isa = PBXFileReference; lastKnownFileType = text.plist.strings; name = en; path = en.lproj/InfoPlist.strings; sourceTree = "<group>"; };
		C20721B119D0061300615E9A /* ffgTests.m */ = {isa = PBXFileReference; lastKnownFileType = sourcecode.c.objc; path = ffgTests.m; sourceTree = "<group>"; };
/* End PBXFileReference section */

/* Begin PBXFrameworksBuildPhase section */
		C207218619D0061300615E9A /* Frameworks */ = {
			isa = PBXFrameworksBuildPhase;
			buildActionMask = 2147483647;
			files = (
				C207218F19D0061300615E9A /* CoreGraphics.framework in Frameworks */,
				C207219119D0061300615E9A /* UIKit.framework in Frameworks */,
				C207218D19D0061300615E9A /* Foundation.framework in Frameworks */,
			);
			runOnlyForDeploymentPostprocessing = 0;
		};
		C20721A119D0061300615E9A /* Frameworks */ = {
			isa = PBXFrameworksBuildPhase;
			buildActionMask = 2147483647;
			files = (
				C20721A619D0061300615E9A /* XCTest.framework in Frameworks */,
				C20721A819D0061300615E9A /* UIKit.framework in Frameworks */,
				C20721A719D0061300615E9A /* Foundation.framework in Frameworks */,
			);
			runOnlyForDeploymentPostprocessing = 0;
		};
/* End PBXFrameworksBuildPhase section */

/* Begin PBXGroup section */
		C207218019D0061300615E9A = {
			isa = PBXGroup;
			children = (
				C207219219D0061300615E9A /* ffg */,
				C20721AB19D0061300615E9A /* ffgTests */,
				C207218B19D0061300615E9A /* Frameworks */,
				C207218A19D0061300615E9A /* Products */,
			);
			sourceTree = "<group>";
		};
		C207218A19D0061300615E9A /* Products */ = {
			isa = PBXGroup;
			children = (
				C207218919D0061300615E9A /* ffg.app */,
				C20721A419D0061300615E9A /* ffgTests.xctest */,
			);
			name = Products;
			sourceTree = "<group>";
		};
		C207218B19D0061300615E9A /* Frameworks */ = {
			isa = PBXGroup;
			children = (
				C207218C19D0061300615E9A /* Foundation.framework */,
				C207218E19D0061300615E9A /* CoreGraphics.framework */,
				C207219019D0061300615E9A /* UIKit.framework */,
				C20721A519D0061300615E9A /* XCTest.framework */,
			);
			name = Frameworks;
			sourceTree = "<group>";
		};
		C207219219D0061300615E9A /* ffg */ = {
			isa = PBXGroup;
			children = (
				C207219B19D0061300615E9A /* AppDelegate.h */,
				C207219C19D0061300615E9A /* AppDelegate.m */,
				C207219E19D0061300615E9A /* Images.xcassets */,
				C207219319D0061300615E9A /* Supporting Files */,
			);
			path = ffg;
			sourceTree = "<group>";
		};
		C207219319D0061300615E9A /* Supporting Files */ = {
			isa = PBXGroup;
			children = (
				C207219419D0061300615E9A /* ffg-Info.plist */,
				C207219519D0061300615E9A /* InfoPlist.strings */,
				C207219819D0061300615E9A /* main.m */,
				C207219A19D0061300615E9A /* ffg-Prefix.pch */,
			);
			name = "Supporting Files";
			sourceTree = "<group>";
		};
		C20721AB19D0061300615E9A /* ffgTests */ = {
			isa = PBXGroup;
			children = (
				C20721B119D0061300615E9A /* ffgTests.m */,
				C20721AC19D0061300615E9A /* Supporting Files */,
			);
			path = ffgTests;
			sourceTree = "<group>";
		};
		C20721AC19D0061300615E9A /* Supporting Files */ = {
			isa = PBXGroup;
			children = (
				C20721AD19D0061300615E9A /* ffgTests-Info.plist */,
				C20721AE19D0061300615E9A /* InfoPlist.strings */,
			);
			name = "Supporting Files";
			sourceTree = "<group>";
		};
/* End PBXGroup section */

/* Begin PBXNativeTarget section */
		C207218819D0061300615E9A /* ffg */ = {
			isa = PBXNativeTarget;
			buildConfigurationList = C20721B519D0061300615E9A /* Build configuration list for PBXNativeTarget "ffg" */;
			buildPhases = (
				C207218519D0061300615E9A /* Sources */,
				C207218619D0061300615E9A /* Frameworks */,
				C207218719D0061300615E9A /* Resources */,
			);
			buildRules = (
			);
			dependencies = (
			);
			name = ffg;
			productName = ffg;
			productReference = C207218919D0061300615E9A /* ffg.app */;
			productType = "com.apple.product-type.application";
		};
		C20721A319D0061300615E9A /* ffgTests */ = {
			isa = PBXNativeTarget;
			buildConfigurationList = C20721B819D0061300615E9A /* Build configuration list for PBXNativeTarget "ffgTests" */;
			buildPhases = (
				C20721A019D0061300615E9A /* Sources */,
				C20721A119D0061300615E9A /* Frameworks */,
				C20721A219D0061300615E9A /* Resources */,
			);
			buildRules = (
			);
			dependencies = (
				C20721AA19D0061300615E9A /* PBXTargetDependency */,
			);
			name = ffgTests;
			productName = ffgTests;
			productReference = C20721A419D0061300615E9A /* ffgTests.xctest */;
			productType = "com.apple.product-type.bundle.unit-test";
		};
/* End PBXNativeTarget section */

/* Begin PBXProject section */
		C207218119D0061300615E9A /* Project object */ = {
			isa = PBXProject;
			attributes = {
				LastUpgradeCheck = 0510;
				ORGANIZATIONNAME = Liushuai;
				TargetAttributes = {
					C20721A319D0061300615E9A = {
						TestTargetID = C207218819D0061300615E9A;
					};
				};
			};
			buildConfigurationList = C207218419D0061300615E9A /* Build configuration list for PBXProject "ffg" */;
			compatibilityVersion = "Xcode 3.2";
			developmentRegion = English;
			hasScannedForEncodings = 0;
			knownRegions = (
				en,
			);
			mainGroup = C207218019D0061300615E9A;
			productRefGroup = C207218A19D0061300615E9A /* Products */;
			projectDirPath = "";
			projectRoot = "";
			targets = (
				C207218819D0061300615E9A /* ffg */,
				C20721A319D0061300615E9A /* ffgTests */,
			);
		};
/* End PBXProject section */

/* Begin PBXResourcesBuildPhase section */
		C207218719D0061300615E9A /* Resources */ = {
			isa = PBXResourcesBuildPhase;
			buildActionMask = 2147483647;
			files = (
				C207219719D0061300615E9A /* InfoPlist.strings in Resources */,
				C207219F19D0061300615E9A /* Images.xcassets in Resources */,
			);
			runOnlyForDeploymentPostprocessing = 0;
		};
		C20721A219D0061300615E9A /* Resources */ = {
			isa = PBXResourcesBuildPhase;
			buildActionMask = 2147483647;
			files = (
				C20721B019D0061300615E9A /* InfoPlist.strings in Resources */,
			);
			runOnlyForDeploymentPostprocessing = 0;
		};
/* End PBXResourcesBuildPhase section */

/* Begin PBXSourcesBuildPhase section */
		C207218519D0061300615E9A /* Sources */ = {
			isa = PBXSourcesBuildPhase;
			buildActionMask = 2147483647;
			files = (
				C207219D19D0061300615E9A /* AppDelegate.m in Sources */,
				C207219919D0061300615E9A /* main.m in Sources */,
			);
			runOnlyForDeploymentPostprocessing = 0;
		};
		C20721A019D0061300615E9A /* Sources */ = {
			isa = PBXSourcesBuildPhase;
			buildActionMask = 2147483647;
			files = (
				C20721B219D0061300615E9A /* ffgTests.m in Sources */,
			);
			runOnlyForDeploymentPostprocessing = 0;
		};
/* End PBXSourcesBuildPhase section */

/* Begin PBXTargetDependency section */
		C20721AA19D0061300615E9A /* PBXTargetDependency */ = {
			isa = PBXTargetDependency;
			target = C207218819D0061300615E9A /* ffg */;
			targetProxy = C20721A919D0061300615E9A /* PBXContainerItemProxy */;
		};
/* End PBXTargetDependency section */

/* Begin PBXVariantGroup section */
		C207219519D0061300615E9A /* InfoPlist.strings */ = {
			isa = PBXVariantGroup;
			children = (
				C207219619D0061300615E9A /* en */,
			);
			name = InfoPlist.strings;
			sourceTree = "<group>";
		};
		C20721AE19D0061300615E9A /* InfoPlist.strings */ = {
			isa = PBXVariantGroup;
			children = (
				C20721AF19D0061300615E9A /* en */,
			);
			name = InfoPlist.strings;
			sourceTree = "<group>";
		};
/* End PBXVariantGroup section */

/* Begin XCBuildConfiguration section */
		C20721B319D0061300615E9A /* Debug */ = {
			isa = XCBuildConfiguration;
			buildSettings = {
				ALWAYS_SEARCH_USER_PATHS = NO;
				CLANG_CXX_LANGUAGE_STANDARD = "gnu++0x";
				CLANG_CXX_LIBRARY = "libc++";
				CLANG_ENABLE_MODULES = YES;
				CLANG_ENABLE_OBJC_ARC = YES;
				CLANG_WARN_BOOL_CONVERSION = YES;
				CLANG_WARN_CONSTANT_CONVERSION = YES;
				CLANG_WARN_DIRECT_OBJC_ISA_USAGE = YES_ERROR;
				CLANG_WARN_EMPTY_BODY = YES;
				CLANG_WARN_ENUM_CONVERSION = YES;
				CLANG_WARN_INT_CONVERSION = YES;
				CLANG_WARN_OBJC_ROOT_CLASS = YES_ERROR;
				CLANG_WARN__DUPLICATE_METHOD_MATCH = YES;
				"CODE_SIGN_IDENTITY[sdk=iphoneos*]" = "iPhone Developer";
				COPY_PHASE_STRIP = NO;
				GCC_C_LANGUAGE_STANDARD = gnu99;
				GCC_DYNAMIC_NO_PIC = NO;
				GCC_OPTIMIZATION_LEVEL = 0;
				GCC_PREPROCESSOR_DEFINITIONS = (
					"DEBUG=1",
					"$(inherited)",
				);
				GCC_SYMBOLS_PRIVATE_EXTERN = NO;
				GCC_WARN_64_TO_32_BIT_CONVERSION = YES;
				GCC_WARN_ABOUT_RETURN_TYPE = YES_ERROR;
				GCC_WARN_UNDECLARED_SELECTOR = YES;
				GCC_WARN_UNINITIALIZED_AUTOS = YES_AGGRESSIVE;
				GCC_WARN_UNUSED_FUNCTION = YES;
				GCC_WARN_UNUSED_VARIABLE = YES;
				IPHONEOS_DEPLOYMENT_TARGET = 7.1;
				ONLY_ACTIVE_ARCH = YES;
				SDKROOT = iphoneos;
				TARGETED_DEVICE_FAMILY = "1,2";
			};
			name = Debug;
		};
		C20721B419D0061300615E9A /* Release */ = {
			isa = XCBuildConfiguration;
			buildSettings = {
				ALWAYS_SEARCH_USER_PATHS = NO;
				CLANG_CXX_LANGUAGE_STANDARD = "gnu++0x";
				CLANG_CXX_LIBRARY = "libc++";
				CLANG_ENABLE_MODULES = YES;
				CLANG_ENABLE_OBJC_ARC = YES;
				CLANG_WARN_BOOL_CONVERSION = YES;
				CLANG_WARN_CONSTANT_CONVERSION = YES;
				CLANG_WARN_DIRECT_OBJC_ISA_USAGE = YES_ERROR;
				CLANG_WARN_EMPTY_BODY = YES;
				CLANG_WARN_ENUM_CONVERSION = YES;
				CLANG_WARN_INT_CONVERSION = YES;
				CLANG_WARN_OBJC_ROOT_CLASS = YES_ERROR;
				CLANG_WARN__DUPLICATE_METHOD_MATCH = YES;
				"CODE_SIGN_IDENTITY[sdk=iphoneos*]" = "iPhone Developer";
				COPY_PHASE_STRIP = YES;
				ENABLE_NS_ASSERTIONS = NO;
				GCC_C_LANGUAGE_STANDARD = gnu99;
				GCC_WARN_64_TO_32_BIT_CONVERSION = YES;
				GCC_WARN_ABOUT_RETURN_TYPE = YES_ERROR;
				GCC_WARN_UNDECLARED_SELECTOR = YES;
				GCC_WARN_UNINITIALIZED_AUTOS = YES_AGGRESSIVE;
				GCC_WARN_UNUSED_FUNCTION = YES;
				GCC_WARN_UNUSED_VARIABLE = YES;
				IPHONEOS_DEPLOYMENT_TARGET = 7.1;
				SDKROOT = iphoneos;
				TARGETED_DEVICE_FAMILY = "1,2";
				VALIDATE_PRODUCT = YES;
			};
			name = Release;
		};
		C20721B619D0061300615E9A /* Debug */ = {
			isa = XCBuildConfiguration;
			buildSettings = {
				ASSETCATALOG_COMPILER_APPICON_NAME = AppIcon;
				ASSETCATALOG_COMPILER_LAUNCHIMAGE_NAME = LaunchImage;
				GCC_PRECOMPILE_PREFIX_HEADER = YES;
				GCC_PREFIX_HEADER = "ffg/ffg-Prefix.pch";
				INFOPLIST_FILE = "ffg/ffg-Info.plist";
				PRODUCT_NAME = "$(TARGET_NAME)";
				WRAPPER_EXTENSION = app;
			};
			name = Debug;
		};
		C20721B719D0061300615E9A /* Release */ = {
			isa = XCBuildConfiguration;
			buildSettings = {
				ASSETCATALOG_COMPILER_APPICON_NAME = AppIcon;
				ASSETCATALOG_COMPILER_LAUNCHIMAGE_NAME = LaunchImage;
				GCC_PRECOMPILE_PREFIX_HEADER = YES;
				GCC_PREFIX_HEADER = "ffg/ffg-Prefix.pch";
				INFOPLIST_FILE = "ffg/ffg-Info.plist";
				PRODUCT_NAME = "$(TARGET_NAME)";
				WRAPPER_EXTENSION = app;
			};
			name = Release;
		};
		C20721B919D0061300615E9A /* Debug */ = {
			isa = XCBuildConfiguration;
			buildSettings = {
				BUNDLE_LOADER = "$(BUILT_PRODUCTS_DIR)/ffg.app/ffg";
				FRAMEWORK_SEARCH_PATHS = (
					"$(SDKROOT)/Developer/Library/Frameworks",
					"$(inherited)",
					"$(DEVELOPER_FRAMEWORKS_DIR)",
				);
				GCC_PRECOMPILE_PREFIX_HEADER = YES;
				GCC_PREFIX_HEADER = "ffg/ffg-Prefix.pch";
				GCC_PREPROCESSOR_DEFINITIONS = (
					"DEBUG=1",
					"$(inherited)",
				);
				INFOPLIST_FILE = "ffgTests/ffgTests-Info.plist";
				PRODUCT_NAME = "$(TARGET_NAME)";
				TEST_HOST = "$(BUNDLE_LOADER)";
				WRAPPER_EXTENSION = xctest;
			};
			name = Debug;
		};
		C20721BA19D0061300615E9A /* Release */ = {
			isa = XCBuildConfiguration;
			buildSettings = {
				BUNDLE_LOADER = "$(BUILT_PRODUCTS_DIR)/ffg.app/ffg";
				FRAMEWORK_SEARCH_PATHS = (
					"$(SDKROOT)/Developer/Library/Frameworks",
					"$(inherited)",
					"$(DEVELOPER_FRAMEWORKS_DIR)",
				);
				GCC_PRECOMPILE_PREFIX_HEADER = YES;
				GCC_PREFIX_HEADER = "ffg/ffg-Prefix.pch";
				INFOPLIST_FILE = "ffgTests/ffgTests-Info.plist";
				PRODUCT_NAME = "$(TARGET_NAME)";
				TEST_HOST = "$(BUNDLE_LOADER)";
				WRAPPER_EXTENSION = xctest;
			};
			name = Release;
		};
/* End XCBuildConfiguration section */

/* Begin XCConfigurationList section */
		C207218419D0061300615E9A /* Build configuration list for PBXProject "ffg" */ = {
			isa = XCConfigurationList;
			buildConfigurations = (
				C20721B319D0061300615E9A /* Debug */,
				C20721B419D0061300615E9A /* Release */,
			);
			defaultConfigurationIsVisible = 0;
			defaultConfigurationName = Release;
		};
		C20721B519D0061300615E9A /* Build configuration list for PBXNativeTarget "ffg" */ = {
			isa = XCConfigurationList;
			buildConfigurations = (
				C20721B619D0061300615E9A /* Debug */,
				C20721B719D0061300615E9A /* Release */,
			);
			defaultConfigurationIsVisible = 0;
		};
		C20721B819D0061300615E9A /* Build configuration list for PBXNativeTarget "ffgTests" */ = {
			isa = XCConfigurationList;
			buildConfigurations = (
				C20721B919D0061300615E9A /* Debug */,
				C20721BA19D0061300615E9A /* Release */,
			);
			defaultConfigurationIsVisible = 0;
		};
/* End XCConfigurationList section */
	};
	rootObject = C207218119D0061300615E9A /* Project object */;
}
