// !$*UTF8*$!
{
	archiveVersion = 1;
	classes = {
	};
	objectVersion = 46;
	objects = {

/* Begin PBXBuildFile section */
		C2186B2819D2FAAB00128D39 /* Person.m in Sources */ = {isa = PBXBuildFile; fileRef = C2186B2719D2FAAB00128D39 /* Person.m */; };
		C2186B2B19D2FDF300128D39 /* Book.m in Sources */ = {isa = PBXBuildFile; fileRef = C2186B2A19D2FDF300128D39 /* Book.m */; };
		C24D352F19D2591F00577076 /* Foundation.framework in Frameworks */ = {isa = PBXBuildFile; fileRef = C24D352E19D2591F00577076 /* Foundation.framework */; };
		C24D353219D2591F00577076 /* main.m in Sources */ = {isa = PBXBuildFile; fileRef = C24D353119D2591F00577076 /* main.m */; };
		C24D353619D2591F00577076 /* day092403.1 in CopyFiles */ = {isa = PBXBuildFile; fileRef = C24D353519D2591F00577076 /* day092403.1 */; };
/* End PBXBuildFile section */

/* Begin PBXCopyFilesBuildPhase section */
		C24D352919D2591F00577076 /* CopyFiles */ = {
			isa = PBXCopyFilesBuildPhase;
			buildActionMask = 2147483647;
			dstPath = /usr/share/man/man1/;
			dstSubfolderSpec = 0;
			files = (
				C24D353619D2591F00577076 /* day092403.1 in CopyFiles */,
			);
			runOnlyForDeploymentPostprocessing = 1;
		};
/* End PBXCopyFilesBuildPhase section */

/* Begin PBXFileReference section */
		C2186B2619D2FAAB00128D39 /* Person.h */ = {isa = PBXFileReference; fileEncoding = 4; lastKnownFileType = sourcecode.c.h; path = Person.h; sourceTree = "<group>"; };
		C2186B2719D2FAAB00128D39 /* Person.m */ = {isa = PBXFileReference; fileEncoding = 4; lastKnownFileType = sourcecode.c.objc; path = Person.m; sourceTree = "<group>"; };
		C2186B2919D2FDF300128D39 /* Book.h */ = {isa = PBXFileReference; fileEncoding = 4; lastKnownFileType = sourcecode.c.h; path = Book.h; sourceTree = "<group>"; };
		C2186B2A19D2FDF300128D39 /* Book.m */ = {isa = PBXFileReference; fileEncoding = 4; lastKnownFileType = sourcecode.c.objc; path = Book.m; sourceTree = "<group>"; };
		C24D352B19D2591F00577076 /* day092403 */ = {isa = PBXFileReference; explicitFileType = "compiled.mach-o.executable"; includeInIndex = 0; path = day092403; sourceTree = BUILT_PRODUCTS_DIR; };
		C24D352E19D2591F00577076 /* Foundation.framework */ = {isa = PBXFileReference; lastKnownFileType = wrapper.framework; name = Foundation.framework; path = System/Library/Frameworks/Foundation.framework; sourceTree = SDKROOT; };
		C24D353119D2591F00577076 /* main.m */ = {isa = PBXFileReference; lastKnownFileType = sourcecode.c.objc; path = main.m; sourceTree = "<group>"; };
		C24D353419D2591F00577076 /* day092403-Prefix.pch */ = {isa = PBXFileReference; lastKnownFileType = sourcecode.c.h; path = "day092403-Prefix.pch"; sourceTree = "<group>"; };
		C24D353519D2591F00577076 /* day092403.1 */ = {isa = PBXFileReference; lastKnownFileType = text.man; path = day092403.1; sourceTree = "<group>"; };
/* End PBXFileReference section */

/* Begin PBXFrameworksBuildPhase section */
		C24D352819D2591F00577076 /* Frameworks */ = {
			isa = PBXFrameworksBuildPhase;
			buildActionMask = 2147483647;
			files = (
				C24D352F19D2591F00577076 /* Foundation.framework in Frameworks */,
			);
			runOnlyForDeploymentPostprocessing = 0;
		};
/* End PBXFrameworksBuildPhase section */

/* Begin PBXGroup section */
		C24D352219D2591F00577076 = {
			isa = PBXGroup;
			children = (
				C24D353019D2591F00577076 /* day092403 */,
				C24D352D19D2591F00577076 /* Frameworks */,
				C24D352C19D2591F00577076 /* Products */,
			);
			sourceTree = "<group>";
		};
		C24D352C19D2591F00577076 /* Products */ = {
			isa = PBXGroup;
			children = (
				C24D352B19D2591F00577076 /* day092403 */,
			);
			name = Products;
			sourceTree = "<group>";
		};
		C24D352D19D2591F00577076 /* Frameworks */ = {
			isa = PBXGroup;
			children = (
				C24D352E19D2591F00577076 /* Foundation.framework */,
			);
			name = Frameworks;
			sourceTree = "<group>";
		};
		C24D353019D2591F00577076 /* day092403 */ = {
			isa = PBXGroup;
			children = (
				C24D353119D2591F00577076 /* main.m */,
				C24D353519D2591F00577076 /* day092403.1 */,
				C24D353319D2591F00577076 /* Supporting Files */,
				C2186B2619D2FAAB00128D39 /* Person.h */,
				C2186B2719D2FAAB00128D39 /* Person.m */,
				C2186B2919D2FDF300128D39 /* Book.h */,
				C2186B2A19D2FDF300128D39 /* Book.m */,
			);
			path = day092403;
			sourceTree = "<group>";
		};
		C24D353319D2591F00577076 /* Supporting Files */ = {
			isa = PBXGroup;
			children = (
				C24D353419D2591F00577076 /* day092403-Prefix.pch */,
			);
			name = "Supporting Files";
			sourceTree = "<group>";
		};
/* End PBXGroup section */

/* Begin PBXNativeTarget section */
		C24D352A19D2591F00577076 /* day092403 */ = {
			isa = PBXNativeTarget;
			buildConfigurationList = C24D353919D2591F00577076 /* Build configuration list for PBXNativeTarget "day092403" */;
			buildPhases = (
				C24D352719D2591F00577076 /* Sources */,
				C24D352819D2591F00577076 /* Frameworks */,
				C24D352919D2591F00577076 /* CopyFiles */,
			);
			buildRules = (
			);
			dependencies = (
			);
			name = day092403;
			productName = day092403;
			productReference = C24D352B19D2591F00577076 /* day092403 */;
			productType = "com.apple.product-type.tool";
		};
/* End PBXNativeTarget section */

/* Begin PBXProject section */
		C24D352319D2591F00577076 /* Project object */ = {
			isa = PBXProject;
			attributes = {
				LastUpgradeCheck = 0510;
				ORGANIZATIONNAME = Liushuai;
			};
			buildConfigurationList = C24D352619D2591F00577076 /* Build configuration list for PBXProject "day092403" */;
			compatibilityVersion = "Xcode 3.2";
			developmentRegion = English;
			hasScannedForEncodings = 0;
			knownRegions = (
				en,
			);
			mainGroup = C24D352219D2591F00577076;
			productRefGroup = C24D352C19D2591F00577076 /* Products */;
			projectDirPath = "";
			projectRoot = "";
			targets = (
				C24D352A19D2591F00577076 /* day092403 */,
			);
		};
/* End PBXProject section */

/* Begin PBXSourcesBuildPhase section */
		C24D352719D2591F00577076 /* Sources */ = {
			isa = PBXSourcesBuildPhase;
			buildActionMask = 2147483647;
			files = (
				C2186B2819D2FAAB00128D39 /* Person.m in Sources */,
				C2186B2B19D2FDF300128D39 /* Book.m in Sources */,
				C24D353219D2591F00577076 /* main.m in Sources */,
			);
			runOnlyForDeploymentPostprocessing = 0;
		};
/* End PBXSourcesBuildPhase section */

/* Begin XCBuildConfiguration section */
		C24D353719D2591F00577076 /* Debug */ = {
			isa = XCBuildConfiguration;
			buildSettings = {
				ALWAYS_SEARCH_USER_PATHS = NO;
				CLANG_CXX_LANGUAGE_STANDARD = "gnu++0x";
				CLANG_CXX_LIBRARY = "libc++";
				CLANG_ENABLE_MODULES = YES;
				CLANG_ENABLE_OBJC_ARC = YES;
				CLANG_WARN_BOOL_CONVERSION = YES;
				CLANG_WARN_CONSTANT_CONVERSION = YES;
				CLANG_WARN_DIRECT_OBJC_ISA_USAGE = YES_ERROR;
				CLANG_WARN_EMPTY_BODY = YES;
				CLANG_WARN_ENUM_CONVERSION = YES;
				CLANG_WARN_INT_CONVERSION = YES;
				CLANG_WARN_OBJC_ROOT_CLASS = YES_ERROR;
				CLANG_WARN__DUPLICATE_METHOD_MATCH = YES;
				COPY_PHASE_STRIP = NO;
				GCC_C_LANGUAGE_STANDARD = gnu99;
				GCC_DYNAMIC_NO_PIC = NO;
				GCC_ENABLE_OBJC_EXCEPTIONS = YES;
				GCC_OPTIMIZATION_LEVEL = 0;
				GCC_PREPROCESSOR_DEFINITIONS = (
					"DEBUG=1",
					"$(inherited)",
				);
				GCC_SYMBOLS_PRIVATE_EXTERN = NO;
				GCC_WARN_64_TO_32_BIT_CONVERSION = YES;
				GCC_WARN_ABOUT_RETURN_TYPE = YES_ERROR;
				GCC_WARN_UNDECLARED_SELECTOR = YES;
				GCC_WARN_UNINITIALIZED_AUTOS = YES_AGGRESSIVE;
				GCC_WARN_UNUSED_FUNCTION = YES;
				GCC_WARN_UNUSED_VARIABLE = YES;
				MACOSX_DEPLOYMENT_TARGET = 10.9;
				ONLY_ACTIVE_ARCH = YES;
				SDKROOT = macosx;
			};
			name = Debug;
		};
		C24D353819D2591F00577076 /* Release */ = {
			isa = XCBuildConfiguration;
			buildSettings = {
				ALWAYS_SEARCH_USER_PATHS = NO;
				CLANG_CXX_LANGUAGE_STANDARD = "gnu++0x";
				CLANG_CXX_LIBRARY = "libc++";
				CLANG_ENABLE_MODULES = YES;
				CLANG_ENABLE_OBJC_ARC = YES;
				CLANG_WARN_BOOL_CONVERSION = YES;
				CLANG_WARN_CONSTANT_CONVERSION = YES;
				CLANG_WARN_DIRECT_OBJC_ISA_USAGE = YES_ERROR;
				CLANG_WARN_EMPTY_BODY = YES;
				CLANG_WARN_ENUM_CONVERSION = YES;
				CLANG_WARN_INT_CONVERSION = YES;
				CLANG_WARN_OBJC_ROOT_CLASS = YES_ERROR;
				CLANG_WARN__DUPLICATE_METHOD_MATCH = YES;
				COPY_PHASE_STRIP = YES;
				DEBUG_INFORMATION_FORMAT = "dwarf-with-dsym";
				ENABLE_NS_ASSERTIONS = NO;
				GCC_C_LANGUAGE_STANDARD = gnu99;
				GCC_ENABLE_OBJC_EXCEPTIONS = YES;
				GCC_WARN_64_TO_32_BIT_CONVERSION = YES;
				GCC_WARN_ABOUT_RETURN_TYPE = YES_ERROR;
				GCC_WARN_UNDECLARED_SELECTOR = YES;
				GCC_WARN_UNINITIALIZED_AUTOS = YES_AGGRESSIVE;
				GCC_WARN_UNUSED_FUNCTION = YES;
				GCC_WARN_UNUSED_VARIABLE = YES;
				MACOSX_DEPLOYMENT_TARGET = 10.9;
				SDKROOT = macosx;
			};
			name = Release;
		};
		C24D353A19D2591F00577076 /* Debug */ = {
			isa = XCBuildConfiguration;
			buildSettings = {
				CLANG_ENABLE_OBJC_ARC = NO;
				GCC_PRECOMPILE_PREFIX_HEADER = YES;
				GCC_PREFIX_HEADER = "day092403/day092403-Prefix.pch";
				PRODUCT_NAME = "$(TARGET_NAME)";
			};
			name = Debug;
		};
		C24D353B19D2591F00577076 /* Release */ = {
			isa = XCBuildConfiguration;
			buildSettings = {
				CLANG_ENABLE_OBJC_ARC = NO;
				GCC_PRECOMPILE_PREFIX_HEADER = YES;
				GCC_PREFIX_HEADER = "day092403/day092403-Prefix.pch";
				PRODUCT_NAME = "$(TARGET_NAME)";
			};
			name = Release;
		};
/* End XCBuildConfiguration section */

/* Begin XCConfigurationList section */
		C24D352619D2591F00577076 /* Build configuration list for PBXProject "day092403" */ = {
			isa = XCConfigurationList;
			buildConfigurations = (
				C24D353719D2591F00577076 /* Debug */,
				C24D353819D2591F00577076 /* Release */,
			);
			defaultConfigurationIsVisible = 0;
			defaultConfigurationName = Release;
		};
		C24D353919D2591F00577076 /* Build configuration list for PBXNativeTarget "day092403" */ = {
			isa = XCConfigurationList;
			buildConfigurations = (
				C24D353A19D2591F00577076 /* Debug */,
				C24D353B19D2591F00577076 /* Release */,
			);
			defaultConfigurationIsVisible = 0;
			defaultConfigurationName = Release;
		};
/* End XCConfigurationList section */
	};
	rootObject = C24D352319D2591F00577076 /* Project object */;
}
